
Microsoft Visual Studio Solution File, Format Version 12.00
# Visual Studio 15
VisualStudioVersion = 15.0.28010.2050
MinimumVisualStudioVersion = 10.0.40219.1
Project("{FAE04EC0-301F-11D3-BF4B-00C04F79EFBC}") = "PIS1", "PIS1\PIS1.csproj", "{DCDF4F88-0663-45D4-B506-2F75B334B937}"
EndProject
Global
	GlobalSection(SolutionConfigurationPlatforms) = preSolution
		Debug|Any CPU = Debug|Any CPU
		Release|Any CPU = Release|Any CPU
	EndGlobalSection
	GlobalSection(ProjectConfigurationPlatforms) = postSolution
		{DCDF4F88-0663-45D4-B506-2F75B334B937}.Debug|Any CPU.ActiveCfg = Debug|Any CPU
		{DCDF4F88-0663-45D4-B506-2F75B334B937}.Debug|Any CPU.Build.0 = Debug|Any CPU
		{DCDF4F88-0663-45D4-B506-2F75B334B937}.Release|Any CPU.ActiveCfg = Release|Any CPU
		{DCDF4F88-0663-45D4-B506-2F75B334B937}.Release|Any CPU.Build.0 = Release|Any CPU
	EndGlobalSection
	GlobalSection(SolutionProperties) = preSolution
		HideSolutionNode = FALSE
	EndGlobalSection
	GlobalSection(ExtensibilityGlobals) = postSolution
		SolutionGuid = {EDDBC9D8-F382-4191-BEA6-F47AC7432300}
	EndGlobalSection
EndGlobal
